# This file is autogenerated, do not edit; changes may be undone by the next 'dep ensure'.


[[projects]]
  digest = "1:12cb143f2148bf54bcd9fe622abac17325e85eeb1d84b8ec6caf1c80232108fd"
  name = "github.com/lib/pq"
  packages = [
    ".",
    "oid",
    "scram",
  ]
  pruneopts = "UT"
  revision = "3427c32cb71afc948325f299f040e53c1dd78979"
  version = "v1.2.0"

[[projects]]
  branch = "home"
  digest = "1:455d9a49bc35d20e80dbbc4cfc14e0d83c034c531651423ad8fea17468b50184"
  name = "github.com/ssashavor/homework_8"
  packages = [
    "pkg/database",
    "pkg/model",
    "pkg/repository/db",
  ]
  pruneopts = "UT"
  revision = "e2b50df1c3d7bbe09917d0280009f05ca78d83cd"

[solve-meta]
  analyzer-name = "dep"
  analyzer-version = 1
  input-imports = [
    "github.com/lib/pq",
    "github.com/ssashavor/homework_8/pkg/database",
    "github.com/ssashavor/homework_8/pkg/model",
    "github.com/ssashavor/homework_8/pkg/repository/db",
  ]
  solver-name = "gps-cdcl"
  solver-version = 1
